
Microsoft Visual Studio Solution File, Format Version 12.00
# Visual Studio Version 17
VisualStudioVersion = 17.5.33530.505
MinimumVisualStudioVersion = 10.0.40219.1
Project("{9A19103F-16F7-4668-BE54-9A1E7A4F7556}") = "lr2", "lr2\lr2.csproj", "{CF57E587-A867-4E3F-9120-19366353F337}"
EndProject
Global
	GlobalSection(SolutionConfigurationPlatforms) = preSolution
		Debug|Any CPU = Debug|Any CPU
		Release|Any CPU = Release|Any CPU
	EndGlobalSection
	GlobalSection(ProjectConfigurationPlatforms) = postSolution
		{CF57E587-A867-4E3F-9120-19366353F337}.Debug|Any CPU.ActiveCfg = Debug|Any CPU
		{CF57E587-A867-4E3F-9120-19366353F337}.Debug|Any CPU.Build.0 = Debug|Any CPU
		{CF57E587-A867-4E3F-9120-19366353F337}.Release|Any CPU.ActiveCfg = Release|Any CPU
		{CF57E587-A867-4E3F-9120-19366353F337}.Release|Any CPU.Build.0 = Release|Any CPU
	EndGlobalSection
	GlobalSection(SolutionProperties) = preSolution
		HideSolutionNode = FALSE
	EndGlobalSection
	GlobalSection(ExtensibilityGlobals) = postSolution
		SolutionGuid = {0C16AB62-35C7-4C58-A06F-ACE8AC1B4380}
	EndGlobalSection
EndGlobal
